
Microsoft Visual Studio Solution File, Format Version 12.00
# Visual Studio 15
VisualStudioVersion = 15.0.28307.757
MinimumVisualStudioVersion = 10.0.40219.1
Project("{FAE04EC0-301F-11D3-BF4B-00C04F79EFBC}") = "AssessmentAspNet", "AssessmentAspNet\AssessmentAspNet.csproj", "{AC1CC510-4EF9-49E1-A164-155338FAE804}"
EndProject
Global
	GlobalSection(SolutionConfigurationPlatforms) = preSolution
		Debug|Any CPU = Debug|Any CPU
		Release|Any CPU = Release|Any CPU
	EndGlobalSection
	GlobalSection(ProjectConfigurationPlatforms) = postSolution
		{AC1CC510-4EF9-49E1-A164-155338FAE804}.Debug|Any CPU.ActiveCfg = Debug|Any CPU
		{AC1CC510-4EF9-49E1-A164-155338FAE804}.Debug|Any CPU.Build.0 = Debug|Any CPU
		{AC1CC510-4EF9-49E1-A164-155338FAE804}.Release|Any CPU.ActiveCfg = Release|Any CPU
		{AC1CC510-4EF9-49E1-A164-155338FAE804}.Release|Any CPU.Build.0 = Release|Any CPU
	EndGlobalSection
	GlobalSection(SolutionProperties) = preSolution
		HideSolutionNode = FALSE
	EndGlobalSection
	GlobalSection(ExtensibilityGlobals) = postSolution
		SolutionGuid = {BBB17925-CF46-41C5-B696-9C1CBA98FFA3}
	EndGlobalSection
EndGlobal
